
Microsoft Visual Studio Solution File, Format Version 12.00
# Visual Studio Version 16
VisualStudioVersion = 16.0.30517.126
MinimumVisualStudioVersion = 10.0.40219.1
Project("{FAE04EC0-301F-11D3-BF4B-00C04F79EFBC}") = "Napier Bank Coursework", "Napier Bank Coursework\Napier Bank Coursework.csproj", "{D9AD87BC-4BD5-4689-B76B-90BF7DFAC6F3}"
EndProject
Project("{FAE04EC0-301F-11D3-BF4B-00C04F79EFBC}") = "Test Space", "Test Space\Test Space.csproj", "{5952FE73-B9C0-4CCE-9EF4-2AAFDAB66C13}"
EndProject
Global
	GlobalSection(SolutionConfigurationPlatforms) = preSolution
		Debug|Any CPU = Debug|Any CPU
		Release|Any CPU = Release|Any CPU
	EndGlobalSection
	GlobalSection(ProjectConfigurationPlatforms) = postSolution
		{D9AD87BC-4BD5-4689-B76B-90BF7DFAC6F3}.Debug|Any CPU.ActiveCfg = Debug|Any CPU
		{D9AD87BC-4BD5-4689-B76B-90BF7DFAC6F3}.Debug|Any CPU.Build.0 = Debug|Any CPU
		{D9AD87BC-4BD5-4689-B76B-90BF7DFAC6F3}.Release|Any CPU.ActiveCfg = Release|Any CPU
		{D9AD87BC-4BD5-4689-B76B-90BF7DFAC6F3}.Release|Any CPU.Build.0 = Release|Any CPU
		{5952FE73-B9C0-4CCE-9EF4-2AAFDAB66C13}.Debug|Any CPU.ActiveCfg = Debug|Any CPU
		{5952FE73-B9C0-4CCE-9EF4-2AAFDAB66C13}.Debug|Any CPU.Build.0 = Debug|Any CPU
		{5952FE73-B9C0-4CCE-9EF4-2AAFDAB66C13}.Release|Any CPU.ActiveCfg = Release|Any CPU
		{5952FE73-B9C0-4CCE-9EF4-2AAFDAB66C13}.Release|Any CPU.Build.0 = Release|Any CPU
	EndGlobalSection
	GlobalSection(SolutionProperties) = preSolution
		HideSolutionNode = FALSE
	EndGlobalSection
	GlobalSection(ExtensibilityGlobals) = postSolution
		SolutionGuid = {97B18F99-1AE7-4C03-AB28-EFBE120D1D71}
	EndGlobalSection
EndGlobal
